
Microsoft Visual Studio Solution File, Format Version 12.00
# Visual Studio Version 16
VisualStudioVersion = 16.0.29613.14
MinimumVisualStudioVersion = 10.0.40219.1
Project("{9A19103F-16F7-4668-BE54-9A1E7A4F7556}") = "First WPF Application", "First WPF Application\First WPF Application.csproj", "{46EA84DB-FB19-4EDE-AE3C-F4F9F19C3C92}"
EndProject
Project("{FAE04EC0-301F-11D3-BF4B-00C04F79EFBC}") = "Participation 2-WPF", "..\Participation 2-WPF\Participation 2-WPF.csproj", "{EB5785D7-8AC4-497B-B02A-76EE6EA6B7B1}"
EndProject
Global
	GlobalSection(SolutionConfigurationPlatforms) = preSolution
		Debug|Any CPU = Debug|Any CPU
		Release|Any CPU = Release|Any CPU
	EndGlobalSection
	GlobalSection(ProjectConfigurationPlatforms) = postSolution
		{46EA84DB-FB19-4EDE-AE3C-F4F9F19C3C92}.Debug|Any CPU.ActiveCfg = Debug|Any CPU
		{46EA84DB-FB19-4EDE-AE3C-F4F9F19C3C92}.Debug|Any CPU.Build.0 = Debug|Any CPU
		{46EA84DB-FB19-4EDE-AE3C-F4F9F19C3C92}.Release|Any CPU.ActiveCfg = Release|Any CPU
		{46EA84DB-FB19-4EDE-AE3C-F4F9F19C3C92}.Release|Any CPU.Build.0 = Release|Any CPU
		{EB5785D7-8AC4-497B-B02A-76EE6EA6B7B1}.Debug|Any CPU.ActiveCfg = Debug|Any CPU
		{EB5785D7-8AC4-497B-B02A-76EE6EA6B7B1}.Debug|Any CPU.Build.0 = Debug|Any CPU
		{EB5785D7-8AC4-497B-B02A-76EE6EA6B7B1}.Release|Any CPU.ActiveCfg = Release|Any CPU
		{EB5785D7-8AC4-497B-B02A-76EE6EA6B7B1}.Release|Any CPU.Build.0 = Release|Any CPU
	EndGlobalSection
	GlobalSection(SolutionProperties) = preSolution
		HideSolutionNode = FALSE
	EndGlobalSection
	GlobalSection(ExtensibilityGlobals) = postSolution
		SolutionGuid = {844268DD-E43F-4B00-8195-AD51D64B6C40}
	EndGlobalSection
EndGlobal
